lockVersion: 2.0.0
id: 370c4271-69a3-43a6-b1f3-11f58d188263
management:
  docChecksum: 9f87dc911ffff2e713812e38e86254fe
  docVersion: 0.1.0
  speakeasyVersion: internal
  generationVersion: 2.225.2
  releaseVersion: 0.2.0
  configChecksum: d8aa7fdd9cf6b2f853921d9fcee2fd3b
  repoURL: https://github.com/kohortpay/kohortpay-php.git
  repoSubDirectory: .
  installationURL: https://github.com/kohortpay/kohortpay-php
  published: true
features:
  php:
    core: 3.3.0
    flattening: 2.81.1
    globalSecurity: 2.81.2
    globalServerURLs: 2.82.1
    methodSecurity: 2.82.0
    nameOverrides: 2.81.1
generatedFiles:
  - src/SDKConfiguration.php
  - src/PaymentIntents.php
  - src/PaymentGroups.php
  - src/Customers.php
  - src/CheckoutSessions.php
  - src/KohortPay.php
  - src/KohortPayBuilder.php
  - composer.json
  - phpstan.neon
  - src/Utils/EnumHandler.php
  - src/Utils/FormMetadata.php
  - src/Utils/Headers.php
  - src/Utils/JSON.php
  - src/Utils/MixedJSONHandler.php
  - src/Utils/MultipartMetadata.php
  - src/Utils/ParamsMetadata.php
  - src/Utils/PathParameters.php
  - src/Utils/QueryParameters.php
  - src/Utils/RequestBodies.php
  - src/Utils/RequestMetadata.php
  - src/Utils/Security.php
  - src/Utils/SecurityClient.php
  - src/Utils/SecurityMetadata.php
  - src/Utils/SpeakeasyMetadata.php
  - src/Utils/Utils.php
  - src/Models/Operations/CreatePaymentIntentResponse.php
  - src/Models/Operations/FindAllPaymentIntentsResponse.php
  - src/Models/Operations/FindOnePaymentIntentRequest.php
  - src/Models/Operations/FindOnePaymentIntentResponse.php
  - src/Models/Operations/CancelPaymentIntentSecurity.php
  - src/Models/Operations/CancelPaymentIntentRequest.php
  - src/Models/Operations/CancelPaymentIntentResponse.php
  - src/Models/Operations/CreatePaymentGroupResponse.php
  - src/Models/Operations/FindAllPaymentGroupsResponse.php
  - src/Models/Operations/FindOnePaymentGroupRequest.php
  - src/Models/Operations/FindOnePaymentGroupResponse.php
  - src/Models/Operations/UpdateRequest.php
  - src/Models/Operations/UpdateResponse.php
  - src/Models/Operations/GetParticipantsRequest.php
  - src/Models/Operations/GetParticipantsResponse.php
  - src/Models/Operations/CancelPaymentGroupRequest.php
  - src/Models/Operations/CancelPaymentGroupResponse.php
  - src/Models/Operations/ExpirePaymentGroupRequest.php
  - src/Models/Operations/ExpirePaymentGroupResponse.php
  - src/Models/Operations/ValidatePaymentGroupRequest.php
  - src/Models/Operations/ValidatePaymentGroupResponse.php
  - src/Models/Operations/CreateCustomerResponse.php
  - src/Models/Operations/FindAllCustomersResponse.php
  - src/Models/Operations/FindOneCustomerRequest.php
  - src/Models/Operations/FindOneCustomerResponse.php
  - src/Models/Operations/UpdateCustomerRequest.php
  - src/Models/Operations/UpdateCustomerResponse.php
  - src/Models/Operations/DeleteCustomerRequest.php
  - src/Models/Operations/DeleteCustomerResponse.php
  - src/Models/Operations/CreateCheckoutResponse.php
  - src/Models/Operations/FindAllCheckoutSessionsResponse.php
  - src/Models/Operations/FindOneCheckoutSessionRequest.php
  - src/Models/Operations/FindOneCheckoutSessionResponse.php
  - src/Models/Operations/ExpireCheckoutSessionRequest.php
  - src/Models/Operations/ExpireCheckoutSessionResponse.php
  - src/Models/Components/Metadata.php
  - src/Models/Components/Status.php
  - src/Models/Components/CreatePaymentIntentDto.php
  - src/Models/Components/CreatePaymentGroupDtoMetadata.php
  - src/Models/Components/CreatePaymentGroupDto.php
  - src/Models/Components/UpdatePaymentGroupDtoMetadata.php
  - src/Models/Components/UpdatePaymentGroupDto.php
  - src/Models/Components/ValidatePaymentGroupDto.php
  - src/Models/Components/CreateCustomerDtoMetadata.php
  - src/Models/Components/CreateCustomerDto.php
  - src/Models/Components/CreateAddressDto.php
  - src/Models/Components/UpdateCustomerDto.php
  - src/Models/Components/NotFoundException.php
  - src/Models/Components/UnauthorizedException.php
  - src/Models/Components/BadRequestResponse.php
  - src/Models/Components/ErrorDetail.php
  - src/Models/Components/CreateCheckoutSessionDtoMetadata.php
  - src/Models/Components/CreateCheckoutSessionDto.php
  - src/Models/Components/CreateLineItemDto.php
  - src/Models/Components/Error.php
  - src/Models/Components/Security.php
  - docs/Models/Operations/CreatePaymentIntentResponse.md
  - docs/Models/Operations/FindAllPaymentIntentsResponse.md
  - docs/Models/Operations/FindOnePaymentIntentRequest.md
  - docs/Models/Operations/FindOnePaymentIntentResponse.md
  - docs/Models/Operations/CancelPaymentIntentSecurity.md
  - docs/Models/Operations/CancelPaymentIntentRequest.md
  - docs/Models/Operations/CancelPaymentIntentResponse.md
  - docs/Models/Operations/CreatePaymentGroupResponse.md
  - docs/Models/Operations/FindAllPaymentGroupsResponse.md
  - docs/Models/Operations/FindOnePaymentGroupRequest.md
  - docs/Models/Operations/FindOnePaymentGroupResponse.md
  - docs/Models/Operations/UpdateRequest.md
  - docs/Models/Operations/UpdateResponse.md
  - docs/Models/Operations/GetParticipantsRequest.md
  - docs/Models/Operations/GetParticipantsResponse.md
  - docs/Models/Operations/CancelPaymentGroupRequest.md
  - docs/Models/Operations/CancelPaymentGroupResponse.md
  - docs/Models/Operations/ExpirePaymentGroupRequest.md
  - docs/Models/Operations/ExpirePaymentGroupResponse.md
  - docs/Models/Operations/ValidatePaymentGroupRequest.md
  - docs/Models/Operations/ValidatePaymentGroupResponse.md
  - docs/Models/Operations/CreateCustomerResponse.md
  - docs/Models/Operations/FindAllCustomersResponse.md
  - docs/Models/Operations/FindOneCustomerRequest.md
  - docs/Models/Operations/FindOneCustomerResponse.md
  - docs/Models/Operations/UpdateCustomerRequest.md
  - docs/Models/Operations/UpdateCustomerResponse.md
  - docs/Models/Operations/DeleteCustomerRequest.md
  - docs/Models/Operations/DeleteCustomerResponse.md
  - docs/Models/Operations/CreateCheckoutResponse.md
  - docs/Models/Operations/FindAllCheckoutSessionsResponse.md
  - docs/Models/Operations/FindOneCheckoutSessionRequest.md
  - docs/Models/Operations/FindOneCheckoutSessionResponse.md
  - docs/Models/Operations/ExpireCheckoutSessionRequest.md
  - docs/Models/Operations/ExpireCheckoutSessionResponse.md
  - docs/Models/Components/Metadata.md
  - docs/Models/Components/Status.md
  - docs/Models/Components/CreatePaymentIntentDto.md
  - docs/Models/Components/CreatePaymentGroupDtoMetadata.md
  - docs/Models/Components/CreatePaymentGroupDto.md
  - docs/Models/Components/UpdatePaymentGroupDtoMetadata.md
  - docs/Models/Components/UpdatePaymentGroupDto.md
  - docs/Models/Components/ValidatePaymentGroupDto.md
  - docs/Models/Components/CreateCustomerDtoMetadata.md
  - docs/Models/Components/CreateCustomerDto.md
  - docs/Models/Components/CreateAddressDto.md
  - docs/Models/Components/UpdateCustomerDto.md
  - docs/Models/Components/NotFoundException.md
  - docs/Models/Components/UnauthorizedException.md
  - docs/Models/Components/BadRequestResponse.md
  - docs/Models/Components/ErrorDetail.md
  - docs/Models/Components/CreateCheckoutSessionDtoMetadata.md
  - docs/Models/Components/CreateCheckoutSessionDto.md
  - docs/Models/Components/CreateLineItemDto.md
  - docs/Models/Components/Error.md
  - docs/Models/Components/Security.md
  - docs/sdks/kohortpay/README.md
  - docs/sdks/paymentintents/README.md
  - docs/sdks/paymentgroups/README.md
  - docs/sdks/customers/README.md
  - docs/sdks/checkoutsessions/README.md
  - USAGE.md
  - .gitattributes
